// !$*UTF8*$!
{
	archiveVersion = 1;
	classes = {
	};
	objectVersion = 55;
	objects = {

/* Begin PBXBuildFile section */
		391E99F22769A68B0064BA2A /* AppDelegate.swift in Sources */ = {isa = PBXBuildFile; fileRef = 391E99F12769A68B0064BA2A /* AppDelegate.swift */; };
		391E99F42769A68B0064BA2A /* SceneDelegate.swift in Sources */ = {isa = PBXBuildFile; fileRef = 391E99F32769A68B0064BA2A /* SceneDelegate.swift */; };
		391E99FB2769A68C0064BA2A /* Assets.xcassets in Resources */ = {isa = PBXBuildFile; fileRef = 391E99FA2769A68C0064BA2A /* Assets.xcassets */; };
		391E99FE2769A68C0064BA2A /* LaunchScreen.storyboard in Resources */ = {isa = PBXBuildFile; fileRef = 391E99FC2769A68C0064BA2A /* LaunchScreen.storyboard */; };
		391E9A092769A68C0064BA2A /* MVVM_CDemoTests.swift in Sources */ = {isa = PBXBuildFile; fileRef = 391E9A082769A68C0064BA2A /* MVVM_CDemoTests.swift */; };
		391E9A132769A68C0064BA2A /* MVVM_CDemoUITests.swift in Sources */ = {isa = PBXBuildFile; fileRef = 391E9A122769A68C0064BA2A /* MVVM_CDemoUITests.swift */; };
		391E9A152769A68C0064BA2A /* MVVM_CDemoUITestsLaunchTests.swift in Sources */ = {isa = PBXBuildFile; fileRef = 391E9A142769A68C0064BA2A /* MVVM_CDemoUITestsLaunchTests.swift */; };
		391E9A232769A9190064BA2A /* AppCoordinator.swift in Sources */ = {isa = PBXBuildFile; fileRef = 391E9A222769A9190064BA2A /* AppCoordinator.swift */; };
		391E9A252769A9360064BA2A /* CoordinatorType.swift in Sources */ = {isa = PBXBuildFile; fileRef = 391E9A242769A9360064BA2A /* CoordinatorType.swift */; };
		391E9A272769A9EC0064BA2A /* Coordinator.swift in Sources */ = {isa = PBXBuildFile; fileRef = 391E9A262769A9EC0064BA2A /* Coordinator.swift */; };
		391E9A2B2769C86B0064BA2A /* SnapKit in Frameworks */ = {isa = PBXBuildFile; productRef = 391E9A2A2769C86B0064BA2A /* SnapKit */; };
		391E9A432769D2B10064BA2A /* TodoTabbarController.swift in Sources */ = {isa = PBXBuildFile; fileRef = 391E9A422769D2B10064BA2A /* TodoTabbarController.swift */; };
		391E9A462769D3010064BA2A /* TodoTabbarDelegateProxy.swift in Sources */ = {isa = PBXBuildFile; fileRef = 391E9A452769D3010064BA2A /* TodoTabbarDelegateProxy.swift */; };
		391E9A482769D33B0064BA2A /* RootTabbarCoordinator.swift in Sources */ = {isa = PBXBuildFile; fileRef = 391E9A472769D33B0064BA2A /* RootTabbarCoordinator.swift */; };
/* End PBXBuildFile section */

/* Begin PBXContainerItemProxy section */
		391E9A052769A68C0064BA2A /* PBXContainerItemProxy */ = {
			isa = PBXContainerItemProxy;
			containerPortal = 391E99E62769A68B0064BA2A /* Project object */;
			proxyType = 1;
			remoteGlobalIDString = 391E99ED2769A68B0064BA2A;
			remoteInfo = "MVVM-CDemo";
		};
		391E9A0F2769A68C0064BA2A /* PBXContainerItemProxy */ = {
			isa = PBXContainerItemProxy;
			containerPortal = 391E99E62769A68B0064BA2A /* Project object */;
			proxyType = 1;
			remoteGlobalIDString = 391E99ED2769A68B0064BA2A;
			remoteInfo = "MVVM-CDemo";
		};
/* End PBXContainerItemProxy section */

/* Begin PBXFileReference section */
		391E99EE2769A68B0064BA2A /* MVVM-CDemo.app */ = {isa = PBXFileReference; explicitFileType = wrapper.application; includeInIndex = 0; path = "MVVM-CDemo.app"; sourceTree = BUILT_PRODUCTS_DIR; };
		391E99F12769A68B0064BA2A /* AppDelegate.swift */ = {isa = PBXFileReference; lastKnownFileType = sourcecode.swift; path = AppDelegate.swift; sourceTree = "<group>"; };
		391E99F32769A68B0064BA2A /* SceneDelegate.swift */ = {isa = PBXFileReference; lastKnownFileType = sourcecode.swift; path = SceneDelegate.swift; sourceTree = "<group>"; };
		391E99FA2769A68C0064BA2A /* Assets.xcassets */ = {isa = PBXFileReference; lastKnownFileType = folder.assetcatalog; path = Assets.xcassets; sourceTree = "<group>"; };
		391E99FD2769A68C0064BA2A /* Base */ = {isa = PBXFileReference; lastKnownFileType = file.storyboard; name = Base; path = Base.lproj/LaunchScreen.storyboard; sourceTree = "<group>"; };
		391E99FF2769A68C0064BA2A /* Info.plist */ = {isa = PBXFileReference; lastKnownFileType = text.plist.xml; path = Info.plist; sourceTree = "<group>"; };
		391E9A042769A68C0064BA2A /* MVVM-CDemoTests.xctest */ = {isa = PBXFileReference; explicitFileType = wrapper.cfbundle; includeInIndex = 0; path = "MVVM-CDemoTests.xctest"; sourceTree = BUILT_PRODUCTS_DIR; };
		391E9A082769A68C0064BA2A /* MVVM_CDemoTests.swift */ = {isa = PBXFileReference; lastKnownFileType = sourcecode.swift; path = MVVM_CDemoTests.swift; sourceTree = "<group>"; };
		391E9A0E2769A68C0064BA2A /* MVVM-CDemoUITests.xctest */ = {isa = PBXFileReference; explicitFileType = wrapper.cfbundle; includeInIndex = 0; path = "MVVM-CDemoUITests.xctest"; sourceTree = BUILT_PRODUCTS_DIR; };
		391E9A122769A68C0064BA2A /* MVVM_CDemoUITests.swift */ = {isa = PBXFileReference; lastKnownFileType = sourcecode.swift; path = MVVM_CDemoUITests.swift; sourceTree = "<group>"; };
		391E9A142769A68C0064BA2A /* MVVM_CDemoUITestsLaunchTests.swift */ = {isa = PBXFileReference; lastKnownFileType = sourcecode.swift; path = MVVM_CDemoUITestsLaunchTests.swift; sourceTree = "<group>"; };
		391E9A222769A9190064BA2A /* AppCoordinator.swift */ = {isa = PBXFileReference; lastKnownFileType = sourcecode.swift; path = AppCoordinator.swift; sourceTree = "<group>"; };
		391E9A242769A9360064BA2A /* CoordinatorType.swift */ = {isa = PBXFileReference; lastKnownFileType = sourcecode.swift; path = CoordinatorType.swift; sourceTree = "<group>"; };
		391E9A262769A9EC0064BA2A /* Coordinator.swift */ = {isa = PBXFileReference; lastKnownFileType = sourcecode.swift; path = Coordinator.swift; sourceTree = "<group>"; };
		391E9A422769D2B10064BA2A /* TodoTabbarController.swift */ = {isa = PBXFileReference; lastKnownFileType = sourcecode.swift; path = TodoTabbarController.swift; sourceTree = "<group>"; };
		391E9A452769D3010064BA2A /* TodoTabbarDelegateProxy.swift */ = {isa = PBXFileReference; lastKnownFileType = sourcecode.swift; path = TodoTabbarDelegateProxy.swift; sourceTree = "<group>"; };
		391E9A472769D33B0064BA2A /* RootTabbarCoordinator.swift */ = {isa = PBXFileReference; lastKnownFileType = sourcecode.swift; path = RootTabbarCoordinator.swift; sourceTree = "<group>"; };
/* End PBXFileReference section */

/* Begin PBXFrameworksBuildPhase section */
		391E99EB2769A68B0064BA2A /* Frameworks */ = {
			isa = PBXFrameworksBuildPhase;
			buildActionMask = 2147483647;
			files = (
				391E9A2B2769C86B0064BA2A /* SnapKit in Frameworks */,
			);
			runOnlyForDeploymentPostprocessing = 0;
		};
		391E9A012769A68C0064BA2A /* Frameworks */ = {
			isa = PBXFrameworksBuildPhase;
			buildActionMask = 2147483647;
			files = (
			);
			runOnlyForDeploymentPostprocessing = 0;
		};
		391E9A0B2769A68C0064BA2A /* Frameworks */ = {
			isa = PBXFrameworksBuildPhase;
			buildActionMask = 2147483647;
			files = (
			);
			runOnlyForDeploymentPostprocessing = 0;
		};
/* End PBXFrameworksBuildPhase section */

/* Begin PBXGroup section */
		391E99E52769A68B0064BA2A = {
			isa = PBXGroup;
			children = (
				391E99F02769A68B0064BA2A /* MVVM-CDemo */,
				391E9A072769A68C0064BA2A /* MVVM-CDemoTests */,
				391E9A112769A68C0064BA2A /* MVVM-CDemoUITests */,
				391E99EF2769A68B0064BA2A /* Products */,
			);
			sourceTree = "<group>";
		};
		391E99EF2769A68B0064BA2A /* Products */ = {
			isa = PBXGroup;
			children = (
				391E99EE2769A68B0064BA2A /* MVVM-CDemo.app */,
				391E9A042769A68C0064BA2A /* MVVM-CDemoTests.xctest */,
				391E9A0E2769A68C0064BA2A /* MVVM-CDemoUITests.xctest */,
			);
			name = Products;
			sourceTree = "<group>";
		};
		391E99F02769A68B0064BA2A /* MVVM-CDemo */ = {
			isa = PBXGroup;
			children = (
				391E9A3F2769D2890064BA2A /* ViewControllers */,
				391E9A212769A8940064BA2A /* Coordinator */,
				391E99F12769A68B0064BA2A /* AppDelegate.swift */,
				391E99F32769A68B0064BA2A /* SceneDelegate.swift */,
				391E99FA2769A68C0064BA2A /* Assets.xcassets */,
				391E99FC2769A68C0064BA2A /* LaunchScreen.storyboard */,
				391E99FF2769A68C0064BA2A /* Info.plist */,
			);
			path = "MVVM-CDemo";
			sourceTree = "<group>";
		};
		391E9A072769A68C0064BA2A /* MVVM-CDemoTests */ = {
			isa = PBXGroup;
			children = (
				391E9A082769A68C0064BA2A /* MVVM_CDemoTests.swift */,
			);
			path = "MVVM-CDemoTests";
			sourceTree = "<group>";
		};
		391E9A112769A68C0064BA2A /* MVVM-CDemoUITests */ = {
			isa = PBXGroup;
			children = (
				391E9A122769A68C0064BA2A /* MVVM_CDemoUITests.swift */,
				391E9A142769A68C0064BA2A /* MVVM_CDemoUITestsLaunchTests.swift */,
			);
			path = "MVVM-CDemoUITests";
			sourceTree = "<group>";
		};
		391E9A212769A8940064BA2A /* Coordinator */ = {
			isa = PBXGroup;
			children = (
				391E9A222769A9190064BA2A /* AppCoordinator.swift */,
				391E9A472769D33B0064BA2A /* RootTabbarCoordinator.swift */,
				391E9A242769A9360064BA2A /* CoordinatorType.swift */,
				391E9A262769A9EC0064BA2A /* Coordinator.swift */,
			);
			path = Coordinator;
			sourceTree = "<group>";
		};
		391E9A3F2769D2890064BA2A /* ViewControllers */ = {
			isa = PBXGroup;
			children = (
				391E9A412769D29E0064BA2A /* Navigation */,
				391E9A402769D2980064BA2A /* Tabbar */,
			);
			path = ViewControllers;
			sourceTree = "<group>";
		};
		391E9A402769D2980064BA2A /* Tabbar */ = {
			isa = PBXGroup;
			children = (
				391E9A442769D2E10064BA2A /* DelegateProxy */,
				391E9A422769D2B10064BA2A /* TodoTabbarController.swift */,
			);
			path = Tabbar;
			sourceTree = "<group>";
		};
		391E9A412769D29E0064BA2A /* Navigation */ = {
			isa = PBXGroup;
			children = (
			);
			path = Navigation;
			sourceTree = "<group>";
		};
		391E9A442769D2E10064BA2A /* DelegateProxy */ = {
			isa = PBXGroup;
			children = (
				391E9A452769D3010064BA2A /* TodoTabbarDelegateProxy.swift */,
			);
			path = DelegateProxy;
			sourceTree = "<group>";
		};
/* End PBXGroup section */

/* Begin PBXNativeTarget section */
		391E99ED2769A68B0064BA2A /* MVVM-CDemo */ = {
			isa = PBXNativeTarget;
			buildConfigurationList = 391E9A182769A68C0064BA2A /* Build configuration list for PBXNativeTarget "MVVM-CDemo" */;
			buildPhases = (
				391E99EA2769A68B0064BA2A /* Sources */,
				391E99EB2769A68B0064BA2A /* Frameworks */,
				391E99EC2769A68B0064BA2A /* Resources */,
			);
			buildRules = (
			);
			dependencies = (
			);
			name = "MVVM-CDemo";
			packageProductDependencies = (
				391E9A2A2769C86B0064BA2A /* SnapKit */,
			);
			productName = "MVVM-CDemo";
			productReference = 391E99EE2769A68B0064BA2A /* MVVM-CDemo.app */;
			productType = "com.apple.product-type.application";
		};
		391E9A032769A68C0064BA2A /* MVVM-CDemoTests */ = {
			isa = PBXNativeTarget;
			buildConfigurationList = 391E9A1B2769A68C0064BA2A /* Build configuration list for PBXNativeTarget "MVVM-CDemoTests" */;
			buildPhases = (
				391E9A002769A68C0064BA2A /* Sources */,
				391E9A012769A68C0064BA2A /* Frameworks */,
				391E9A022769A68C0064BA2A /* Resources */,
			);
			buildRules = (
			);
			dependencies = (
				391E9A062769A68C0064BA2A /* PBXTargetDependency */,
			);
			name = "MVVM-CDemoTests";
			productName = "MVVM-CDemoTests";
			productReference = 391E9A042769A68C0064BA2A /* MVVM-CDemoTests.xctest */;
			productType = "com.apple.product-type.bundle.unit-test";
		};
		391E9A0D2769A68C0064BA2A /* MVVM-CDemoUITests */ = {
			isa = PBXNativeTarget;
			buildConfigurationList = 391E9A1E2769A68C0064BA2A /* Build configuration list for PBXNativeTarget "MVVM-CDemoUITests" */;
			buildPhases = (
				391E9A0A2769A68C0064BA2A /* Sources */,
				391E9A0B2769A68C0064BA2A /* Frameworks */,
				391E9A0C2769A68C0064BA2A /* Resources */,
			);
			buildRules = (
			);
			dependencies = (
				391E9A102769A68C0064BA2A /* PBXTargetDependency */,
			);
			name = "MVVM-CDemoUITests";
			productName = "MVVM-CDemoUITests";
			productReference = 391E9A0E2769A68C0064BA2A /* MVVM-CDemoUITests.xctest */;
			productType = "com.apple.product-type.bundle.ui-testing";
		};
/* End PBXNativeTarget section */

/* Begin PBXProject section */
		391E99E62769A68B0064BA2A /* Project object */ = {
			isa = PBXProject;
			attributes = {
				BuildIndependentTargetsInParallel = 1;
				LastSwiftUpdateCheck = 1310;
				LastUpgradeCheck = 1310;
				TargetAttributes = {
					391E99ED2769A68B0064BA2A = {
						CreatedOnToolsVersion = 13.1;
					};
					391E9A032769A68C0064BA2A = {
						CreatedOnToolsVersion = 13.1;
						TestTargetID = 391E99ED2769A68B0064BA2A;
					};
					391E9A0D2769A68C0064BA2A = {
						CreatedOnToolsVersion = 13.1;
						TestTargetID = 391E99ED2769A68B0064BA2A;
					};
				};
			};
			buildConfigurationList = 391E99E92769A68B0064BA2A /* Build configuration list for PBXProject "MVVM-CDemo" */;
			compatibilityVersion = "Xcode 13.0";
			developmentRegion = en;
			hasScannedForEncodings = 0;
			knownRegions = (
				en,
				Base,
			);
			mainGroup = 391E99E52769A68B0064BA2A;
			packageReferences = (
				391E9A292769C86B0064BA2A /* XCRemoteSwiftPackageReference "SnapKit" */,
			);
			productRefGroup = 391E99EF2769A68B0064BA2A /* Products */;
			projectDirPath = "";
			projectRoot = "";
			targets = (
				391E99ED2769A68B0064BA2A /* MVVM-CDemo */,
				391E9A032769A68C0064BA2A /* MVVM-CDemoTests */,
				391E9A0D2769A68C0064BA2A /* MVVM-CDemoUITests */,
			);
		};
/* End PBXProject section */

/* Begin PBXResourcesBuildPhase section */
		391E99EC2769A68B0064BA2A /* Resources */ = {
			isa = PBXResourcesBuildPhase;
			buildActionMask = 2147483647;
			files = (
				391E99FE2769A68C0064BA2A /* LaunchScreen.storyboard in Resources */,
				391E99FB2769A68C0064BA2A /* Assets.xcassets in Resources */,
			);
			runOnlyForDeploymentPostprocessing = 0;
		};
		391E9A022769A68C0064BA2A /* Resources */ = {
			isa = PBXResourcesBuildPhase;
			buildActionMask = 2147483647;
			files = (
			);
			runOnlyForDeploymentPostprocessing = 0;
		};
		391E9A0C2769A68C0064BA2A /* Resources */ = {
			isa = PBXResourcesBuildPhase;
			buildActionMask = 2147483647;
			files = (
			);
			runOnlyForDeploymentPostprocessing = 0;
		};
/* End PBXResourcesBuildPhase section */

/* Begin PBXSourcesBuildPhase section */
		391E99EA2769A68B0064BA2A /* Sources */ = {
			isa = PBXSourcesBuildPhase;
			buildActionMask = 2147483647;
			files = (
				391E9A232769A9190064BA2A /* AppCoordinator.swift in Sources */,
				391E99F22769A68B0064BA2A /* AppDelegate.swift in Sources */,
				391E9A482769D33B0064BA2A /* RootTabbarCoordinator.swift in Sources */,
				391E9A272769A9EC0064BA2A /* Coordinator.swift in Sources */,
				391E9A462769D3010064BA2A /* TodoTabbarDelegateProxy.swift in Sources */,
				391E9A432769D2B10064BA2A /* TodoTabbarController.swift in Sources */,
				391E9A252769A9360064BA2A /* CoordinatorType.swift in Sources */,
				391E99F42769A68B0064BA2A /* SceneDelegate.swift in Sources */,
			);
			runOnlyForDeploymentPostprocessing = 0;
		};
		391E9A002769A68C0064BA2A /* Sources */ = {
			isa = PBXSourcesBuildPhase;
			buildActionMask = 2147483647;
			files = (
				391E9A092769A68C0064BA2A /* MVVM_CDemoTests.swift in Sources */,
			);
			runOnlyForDeploymentPostprocessing = 0;
		};
		391E9A0A2769A68C0064BA2A /* Sources */ = {
			isa = PBXSourcesBuildPhase;
			buildActionMask = 2147483647;
			files = (
				391E9A132769A68C0064BA2A /* MVVM_CDemoUITests.swift in Sources */,
				391E9A152769A68C0064BA2A /* MVVM_CDemoUITestsLaunchTests.swift in Sources */,
			);
			runOnlyForDeploymentPostprocessing = 0;
		};
/* End PBXSourcesBuildPhase section */

/* Begin PBXTargetDependency section */
		391E9A062769A68C0064BA2A /* PBXTargetDependency */ = {
			isa = PBXTargetDependency;
			target = 391E99ED2769A68B0064BA2A /* MVVM-CDemo */;
			targetProxy = 391E9A052769A68C0064BA2A /* PBXContainerItemProxy */;
		};
		391E9A102769A68C0064BA2A /* PBXTargetDependency */ = {
			isa = PBXTargetDependency;
			target = 391E99ED2769A68B0064BA2A /* MVVM-CDemo */;
			targetProxy = 391E9A0F2769A68C0064BA2A /* PBXContainerItemProxy */;
		};
/* End PBXTargetDependency section */

/* Begin PBXVariantGroup section */
		391E99FC2769A68C0064BA2A /* LaunchScreen.storyboard */ = {
			isa = PBXVariantGroup;
			children = (
				391E99FD2769A68C0064BA2A /* Base */,
			);
			name = LaunchScreen.storyboard;
			sourceTree = "<group>";
		};
/* End PBXVariantGroup section */

/* Begin XCBuildConfiguration section */
		391E9A162769A68C0064BA2A /* Debug */ = {
			isa = XCBuildConfiguration;
			buildSettings = {
				ALWAYS_SEARCH_USER_PATHS = NO;
				CLANG_ANALYZER_NONNULL = YES;
				CLANG_ANALYZER_NUMBER_OBJECT_CONVERSION = YES_AGGRESSIVE;
				CLANG_CXX_LANGUAGE_STANDARD = "gnu++17";
				CLANG_CXX_LIBRARY = "libc++";
				CLANG_ENABLE_MODULES = YES;
				CLANG_ENABLE_OBJC_ARC = YES;
				CLANG_ENABLE_OBJC_WEAK = YES;
				CLANG_WARN_BLOCK_CAPTURE_AUTORELEASING = YES;
				CLANG_WARN_BOOL_CONVERSION = YES;
				CLANG_WARN_COMMA = YES;
				CLANG_WARN_CONSTANT_CONVERSION = YES;
				CLANG_WARN_DEPRECATED_OBJC_IMPLEMENTATIONS = YES;
				CLANG_WARN_DIRECT_OBJC_ISA_USAGE = YES_ERROR;
				CLANG_WARN_DOCUMENTATION_COMMENTS = YES;
				CLANG_WARN_EMPTY_BODY = YES;
				CLANG_WARN_ENUM_CONVERSION = YES;
				CLANG_WARN_INFINITE_RECURSION = YES;
				CLANG_WARN_INT_CONVERSION = YES;
				CLANG_WARN_NON_LITERAL_NULL_CONVERSION = YES;
				CLANG_WARN_OBJC_IMPLICIT_RETAIN_SELF = YES;
				CLANG_WARN_OBJC_LITERAL_CONVERSION = YES;
				CLANG_WARN_OBJC_ROOT_CLASS = YES_ERROR;
				CLANG_WARN_QUOTED_INCLUDE_IN_FRAMEWORK_HEADER = YES;
				CLANG_WARN_RANGE_LOOP_ANALYSIS = YES;
				CLANG_WARN_STRICT_PROTOTYPES = YES;
				CLANG_WARN_SUSPICIOUS_MOVE = YES;
				CLANG_WARN_UNGUARDED_AVAILABILITY = YES_AGGRESSIVE;
				CLANG_WARN_UNREACHABLE_CODE = YES;
				CLANG_WARN__DUPLICATE_METHOD_MATCH = YES;
				COPY_PHASE_STRIP = NO;
				DEBUG_INFORMATION_FORMAT = dwarf;
				ENABLE_STRICT_OBJC_MSGSEND = YES;
				ENABLE_TESTABILITY = YES;
				GCC_C_LANGUAGE_STANDARD = gnu11;
				GCC_DYNAMIC_NO_PIC = NO;
				GCC_NO_COMMON_BLOCKS = YES;
				GCC_OPTIMIZATION_LEVEL = 0;
				GCC_PREPROCESSOR_DEFINITIONS = (
					"DEBUG=1",
					"$(inherited)",
				);
				GCC_WARN_64_TO_32_BIT_CONVERSION = YES;
				GCC_WARN_ABOUT_RETURN_TYPE = YES_ERROR;
				GCC_WARN_UNDECLARED_SELECTOR = YES;
				GCC_WARN_UNINITIALIZED_AUTOS = YES_AGGRESSIVE;
				GCC_WARN_UNUSED_FUNCTION = YES;
				GCC_WARN_UNUSED_VARIABLE = YES;
				IPHONEOS_DEPLOYMENT_TARGET = 15.0;
				MTL_ENABLE_DEBUG_INFO = INCLUDE_SOURCE;
				MTL_FAST_MATH = YES;
				ONLY_ACTIVE_ARCH = YES;
				SDKROOT = iphoneos;
				SWIFT_ACTIVE_COMPILATION_CONDITIONS = DEBUG;
				SWIFT_OPTIMIZATION_LEVEL = "-Onone";
			};
			name = Debug;
		};
		391E9A172769A68C0064BA2A /* Release */ = {
			isa = XCBuildConfiguration;
			buildSettings = {
				ALWAYS_SEARCH_USER_PATHS = NO;
				CLANG_ANALYZER_NONNULL = YES;
				CLANG_ANALYZER_NUMBER_OBJECT_CONVERSION = YES_AGGRESSIVE;
				CLANG_CXX_LANGUAGE_STANDARD = "gnu++17";
				CLANG_CXX_LIBRARY = "libc++";
				CLANG_ENABLE_MODULES = YES;
				CLANG_ENABLE_OBJC_ARC = YES;
				CLANG_ENABLE_OBJC_WEAK = YES;
				CLANG_WARN_BLOCK_CAPTURE_AUTORELEASING = YES;
				CLANG_WARN_BOOL_CONVERSION = YES;
				CLANG_WARN_COMMA = YES;
				CLANG_WARN_CONSTANT_CONVERSION = YES;
				CLANG_WARN_DEPRECATED_OBJC_IMPLEMENTATIONS = YES;
				CLANG_WARN_DIRECT_OBJC_ISA_USAGE = YES_ERROR;
				CLANG_WARN_DOCUMENTATION_COMMENTS = YES;
				CLANG_WARN_EMPTY_BODY = YES;
				CLANG_WARN_ENUM_CONVERSION = YES;
				CLANG_WARN_INFINITE_RECURSION = YES;
				CLANG_WARN_INT_CONVERSION = YES;
				CLANG_WARN_NON_LITERAL_NULL_CONVERSION = YES;
				CLANG_WARN_OBJC_IMPLICIT_RETAIN_SELF = YES;
				CLANG_WARN_OBJC_LITERAL_CONVERSION = YES;
				CLANG_WARN_OBJC_ROOT_CLASS = YES_ERROR;
				CLANG_WARN_QUOTED_INCLUDE_IN_FRAMEWORK_HEADER = YES;
				CLANG_WARN_RANGE_LOOP_ANALYSIS = YES;
				CLANG_WARN_STRICT_PROTOTYPES = YES;
				CLANG_WARN_SUSPICIOUS_MOVE = YES;
				CLANG_WARN_UNGUARDED_AVAILABILITY = YES_AGGRESSIVE;
				CLANG_WARN_UNREACHABLE_CODE = YES;
				CLANG_WARN__DUPLICATE_METHOD_MATCH = YES;
				COPY_PHASE_STRIP = NO;
				DEBUG_INFORMATION_FORMAT = "dwarf-with-dsym";
				ENABLE_NS_ASSERTIONS = NO;
				ENABLE_STRICT_OBJC_MSGSEND = YES;
				GCC_C_LANGUAGE_STANDARD = gnu11;
				GCC_NO_COMMON_BLOCKS = YES;
				GCC_WARN_64_TO_32_BIT_CONVERSION = YES;
				GCC_WARN_ABOUT_RETURN_TYPE = YES_ERROR;
				GCC_WARN_UNDECLARED_SELECTOR = YES;
				GCC_WARN_UNINITIALIZED_AUTOS = YES_AGGRESSIVE;
				GCC_WARN_UNUSED_FUNCTION = YES;
				GCC_WARN_UNUSED_VARIABLE = YES;
				IPHONEOS_DEPLOYMENT_TARGET = 15.0;
				MTL_ENABLE_DEBUG_INFO = NO;
				MTL_FAST_MATH = YES;
				SDKROOT = iphoneos;
				SWIFT_COMPILATION_MODE = wholemodule;
				SWIFT_OPTIMIZATION_LEVEL = "-O";
				VALIDATE_PRODUCT = YES;
			};
			name = Release;
		};
		391E9A192769A68C0064BA2A /* Debug */ = {
			isa = XCBuildConfiguration;
			buildSettings = {
				ASSETCATALOG_COMPILER_APPICON_NAME = AppIcon;
				ASSETCATALOG_COMPILER_GLOBAL_ACCENT_COLOR_NAME = AccentColor;
				CODE_SIGN_STYLE = Automatic;
				CURRENT_PROJECT_VERSION = 1;
				DEVELOPMENT_TEAM = WCFPRNZ278;
				GENERATE_INFOPLIST_FILE = YES;
				INFOPLIST_FILE = "MVVM-CDemo/Info.plist";
				INFOPLIST_KEY_UIApplicationSupportsIndirectInputEvents = YES;
				INFOPLIST_KEY_UILaunchStoryboardName = LaunchScreen;
				INFOPLIST_KEY_UISupportedInterfaceOrientations_iPad = "UIInterfaceOrientationPortrait UIInterfaceOrientationPortraitUpsideDown UIInterfaceOrientationLandscapeLeft UIInterfaceOrientationLandscapeRight";
				INFOPLIST_KEY_UISupportedInterfaceOrientations_iPhone = "UIInterfaceOrientationPortrait UIInterfaceOrientationLandscapeLeft UIInterfaceOrientationLandscapeRight";
				LD_RUNPATH_SEARCH_PATHS = (
					"$(inherited)",
					"@executable_path/Frameworks",
				);
				MARKETING_VERSION = 1.0;
				PRODUCT_BUNDLE_IDENTIFIER = "com.min.MVVM-CDemo";
				PRODUCT_NAME = "$(TARGET_NAME)";
				SWIFT_EMIT_LOC_STRINGS = YES;
				SWIFT_VERSION = 5.0;
				TARGETED_DEVICE_FAMILY = "1,2";
			};
			name = Debug;
		};
		391E9A1A2769A68C0064BA2A /* Release */ = {
			isa = XCBuildConfiguration;
			buildSettings = {
				ASSETCATALOG_COMPILER_APPICON_NAME = AppIcon;
				ASSETCATALOG_COMPILER_GLOBAL_ACCENT_COLOR_NAME = AccentColor;
				CODE_SIGN_STYLE = Automatic;
				CURRENT_PROJECT_VERSION = 1;
				DEVELOPMENT_TEAM = WCFPRNZ278;
				GENERATE_INFOPLIST_FILE = YES;
				INFOPLIST_FILE = "MVVM-CDemo/Info.plist";
				INFOPLIST_KEY_UIApplicationSupportsIndirectInputEvents = YES;
				INFOPLIST_KEY_UILaunchStoryboardName = LaunchScreen;
				INFOPLIST_KEY_UISupportedInterfaceOrientations_iPad = "UIInterfaceOrientationPortrait UIInterfaceOrientationPortraitUpsideDown UIInterfaceOrientationLandscapeLeft UIInterfaceOrientationLandscapeRight";
				INFOPLIST_KEY_UISupportedInterfaceOrientations_iPhone = "UIInterfaceOrientationPortrait UIInterfaceOrientationLandscapeLeft UIInterfaceOrientationLandscapeRight";
				LD_RUNPATH_SEARCH_PATHS = (
					"$(inherited)",
					"@executable_path/Frameworks",
				);
				MARKETING_VERSION = 1.0;
				PRODUCT_BUNDLE_IDENTIFIER = "com.min.MVVM-CDemo";
				PRODUCT_NAME = "$(TARGET_NAME)";
				SWIFT_EMIT_LOC_STRINGS = YES;
				SWIFT_VERSION = 5.0;
				TARGETED_DEVICE_FAMILY = "1,2";
			};
			name = Release;
		};
		391E9A1C2769A68C0064BA2A /* Debug */ = {
			isa = XCBuildConfiguration;
			buildSettings = {
				ALWAYS_EMBED_SWIFT_STANDARD_LIBRARIES = YES;
				BUNDLE_LOADER = "$(TEST_HOST)";
				CODE_SIGN_STYLE = Automatic;
				CURRENT_PROJECT_VERSION = 1;
				DEVELOPMENT_TEAM = WCFPRNZ278;
				GENERATE_INFOPLIST_FILE = YES;
				IPHONEOS_DEPLOYMENT_TARGET = 15.0;
				LD_RUNPATH_SEARCH_PATHS = (
					"$(inherited)",
					"@executable_path/Frameworks",
					"@loader_path/Frameworks",
				);
				MARKETING_VERSION = 1.0;
				PRODUCT_BUNDLE_IDENTIFIER = "com.min.MVVM-CDemoTests";
				PRODUCT_NAME = "$(TARGET_NAME)";
				SWIFT_EMIT_LOC_STRINGS = NO;
				SWIFT_VERSION = 5.0;
				TARGETED_DEVICE_FAMILY = "1,2";
				TEST_HOST = "$(BUILT_PRODUCTS_DIR)/MVVM-CDemo.app/MVVM-CDemo";
			};
			name = Debug;
		};
		391E9A1D2769A68C0064BA2A /* Release */ = {
			isa = XCBuildConfiguration;
			buildSettings = {
				ALWAYS_EMBED_SWIFT_STANDARD_LIBRARIES = YES;
				BUNDLE_LOADER = "$(TEST_HOST)";
				CODE_SIGN_STYLE = Automatic;
				CURRENT_PROJECT_VERSION = 1;
				DEVELOPMENT_TEAM = WCFPRNZ278;
				GENERATE_INFOPLIST_FILE = YES;
				IPHONEOS_DEPLOYMENT_TARGET = 15.0;
				LD_RUNPATH_SEARCH_PATHS = (
					"$(inherited)",
					"@executable_path/Frameworks",
					"@loader_path/Frameworks",
				);
				MARKETING_VERSION = 1.0;
				PRODUCT_BUNDLE_IDENTIFIER = "com.min.MVVM-CDemoTests";
				PRODUCT_NAME = "$(TARGET_NAME)";
				SWIFT_EMIT_LOC_STRINGS = NO;
				SWIFT_VERSION = 5.0;
				TARGETED_DEVICE_FAMILY = "1,2";
				TEST_HOST = "$(BUILT_PRODUCTS_DIR)/MVVM-CDemo.app/MVVM-CDemo";
			};
			name = Release;
		};
		391E9A1F2769A68C0064BA2A /* Debug */ = {
			isa = XCBuildConfiguration;
			buildSettings = {
				ALWAYS_EMBED_SWIFT_STANDARD_LIBRARIES = YES;
				CODE_SIGN_STYLE = Automatic;
				CURRENT_PROJECT_VERSION = 1;
				DEVELOPMENT_TEAM = WCFPRNZ278;
				GENERATE_INFOPLIST_FILE = YES;
				LD_RUNPATH_SEARCH_PATHS = (
					"$(inherited)",
					"@executable_path/Frameworks",
					"@loader_path/Frameworks",
				);
				MARKETING_VERSION = 1.0;
				PRODUCT_BUNDLE_IDENTIFIER = "com.min.MVVM-CDemoUITests";
				PRODUCT_NAME = "$(TARGET_NAME)";
				SWIFT_EMIT_LOC_STRINGS = NO;
				SWIFT_VERSION = 5.0;
				TARGETED_DEVICE_FAMILY = "1,2";
				TEST_TARGET_NAME = "MVVM-CDemo";
			};
			name = Debug;
		};
		391E9A202769A68C0064BA2A /* Release */ = {
			isa = XCBuildConfiguration;
			buildSettings = {
				ALWAYS_EMBED_SWIFT_STANDARD_LIBRARIES = YES;
				CODE_SIGN_STYLE = Automatic;
				CURRENT_PROJECT_VERSION = 1;
				DEVELOPMENT_TEAM = WCFPRNZ278;
				GENERATE_INFOPLIST_FILE = YES;
				LD_RUNPATH_SEARCH_PATHS = (
					"$(inherited)",
					"@executable_path/Frameworks",
					"@loader_path/Frameworks",
				);
				MARKETING_VERSION = 1.0;
				PRODUCT_BUNDLE_IDENTIFIER = "com.min.MVVM-CDemoUITests";
				PRODUCT_NAME = "$(TARGET_NAME)";
				SWIFT_EMIT_LOC_STRINGS = NO;
				SWIFT_VERSION = 5.0;
				TARGETED_DEVICE_FAMILY = "1,2";
				TEST_TARGET_NAME = "MVVM-CDemo";
			};
			name = Release;
		};
/* End XCBuildConfiguration section */

/* Begin XCConfigurationList section */
		391E99E92769A68B0064BA2A /* Build configuration list for PBXProject "MVVM-CDemo" */ = {
			isa = XCConfigurationList;
			buildConfigurations = (
				391E9A162769A68C0064BA2A /* Debug */,
				391E9A172769A68C0064BA2A /* Release */,
			);
			defaultConfigurationIsVisible = 0;
			defaultConfigurationName = Release;
		};
		391E9A182769A68C0064BA2A /* Build configuration list for PBXNativeTarget "MVVM-CDemo" */ = {
			isa = XCConfigurationList;
			buildConfigurations = (
				391E9A192769A68C0064BA2A /* Debug */,
				391E9A1A2769A68C0064BA2A /* Release */,
			);
			defaultConfigurationIsVisible = 0;
			defaultConfigurationName = Release;
		};
		391E9A1B2769A68C0064BA2A /* Build configuration list for PBXNativeTarget "MVVM-CDemoTests" */ = {
			isa = XCConfigurationList;
			buildConfigurations = (
				391E9A1C2769A68C0064BA2A /* Debug */,
				391E9A1D2769A68C0064BA2A /* Release */,
			);
			defaultConfigurationIsVisible = 0;
			defaultConfigurationName = Release;
		};
		391E9A1E2769A68C0064BA2A /* Build configuration list for PBXNativeTarget "MVVM-CDemoUITests" */ = {
			isa = XCConfigurationList;
			buildConfigurations = (
				391E9A1F2769A68C0064BA2A /* Debug */,
				391E9A202769A68C0064BA2A /* Release */,
			);
			defaultConfigurationIsVisible = 0;
			defaultConfigurationName = Release;
		};
/* End XCConfigurationList section */

/* Begin XCRemoteSwiftPackageReference section */
		391E9A292769C86B0064BA2A /* XCRemoteSwiftPackageReference "SnapKit" */ = {
			isa = XCRemoteSwiftPackageReference;
			repositoryURL = "https://github.com/SnapKit/SnapKit";
			requirement = {
				branch = develop;
				kind = branch;
			};
		};
/* End XCRemoteSwiftPackageReference section */

/* Begin XCSwiftPackageProductDependency section */
		391E9A2A2769C86B0064BA2A /* SnapKit */ = {
			isa = XCSwiftPackageProductDependency;
			package = 391E9A292769C86B0064BA2A /* XCRemoteSwiftPackageReference "SnapKit" */;
			productName = SnapKit;
		};
/* End XCSwiftPackageProductDependency section */
	};
	rootObject = 391E99E62769A68B0064BA2A /* Project object */;
}
